// !$*UTF8*$!
{
	archiveVersion = 1;
	classes = {
	};
	objectVersion = 77;
	objects = {

/* Begin PBXContainerItemProxy section */
		609CFD052E5A563F007EBCE0 /* PBXContainerItemProxy */ = {
			isa = PBXContainerItemProxy;
			containerPortal = 609CFCEF2E5A563C007EBCE0 /* Project object */;
			proxyType = 1;
			remoteGlobalIDString = 609CFCF62E5A563C007EBCE0;
			remoteInfo = "message-credit";
		};
		609CFD0F2E5A563F007EBCE0 /* PBXContainerItemProxy */ = {
			isa = PBXContainerItemProxy;
			containerPortal = 609CFCEF2E5A563C007EBCE0 /* Project object */;
			proxyType = 1;
			remoteGlobalIDString = 609CFCF62E5A563C007EBCE0;
			remoteInfo = "message-credit";
		};
/* End PBXContainerItemProxy section */

/* Begin PBXFileReference section */
		609CFCF72E5A563C007EBCE0 /* message-credit.app */ = {isa = PBXFileReference; explicitFileType = wrapper.application; includeInIndex = 0; path = "message-credit.app"; sourceTree = BUILT_PRODUCTS_DIR; };
		609CFD042E5A563F007EBCE0 /* message-creditTests.xctest */ = {isa = PBXFileReference; explicitFileType = wrapper.cfbundle; includeInIndex = 0; path = "message-creditTests.xctest"; sourceTree = BUILT_PRODUCTS_DIR; };
		609CFD0E2E5A563F007EBCE0 /* message-creditUITests.xctest */ = {isa = PBXFileReference; explicitFileType = wrapper.cfbundle; includeInIndex = 0; path = "message-creditUITests.xctest"; sourceTree = BUILT_PRODUCTS_DIR; };
/* End PBXFileReference section */

/* Begin PBXFileSystemSynchronizedRootGroup section */
		609CFCF92E5A563C007EBCE0 /* message-credit */ = {
			isa = PBXFileSystemSynchronizedRootGroup;
			path = "message-credit";
			sourceTree = "<group>";
		};
		609CFD072E5A563F007EBCE0 /* message-creditTests */ = {
			isa = PBXFileSystemSynchronizedRootGroup;
			path = "message-creditTests";
			sourceTree = "<group>";
		};
		609CFD112E5A563F007EBCE0 /* message-creditUITests */ = {
			isa = PBXFileSystemSynchronizedRootGroup;
			path = "message-creditUITests";
			sourceTree = "<group>";
		};
/* End PBXFileSystemSynchronizedRootGroup section */

/* Begin PBXFrameworksBuildPhase section */
		609CFCF42E5A563C007EBCE0 /* Frameworks */ = {
			isa = PBXFrameworksBuildPhase;
			buildActionMask = 2147483647;
			files = (
			);
			runOnlyForDeploymentPostprocessing = 0;
		};
		609CFD012E5A563F007EBCE0 /* Frameworks */ = {
			isa = PBXFrameworksBuildPhase;
			buildActionMask = 2147483647;
			files = (
			);
			runOnlyForDeploymentPostprocessing = 0;
		};
		609CFD0B2E5A563F007EBCE0 /* Frameworks */ = {
			isa = PBXFrameworksBuildPhase;
			buildActionMask = 2147483647;
			files = (
			);
			runOnlyForDeploymentPostprocessing = 0;
		};
/* End PBXFrameworksBuildPhase section */

/* Begin PBXGroup section */
		609CFCEE2E5A563C007EBCE0 = {
			isa = PBXGroup;
			children = (
				609CFCF92E5A563C007EBCE0 /* message-credit */,
				609CFD072E5A563F007EBCE0 /* message-creditTests */,
				609CFD112E5A563F007EBCE0 /* message-creditUITests */,
				609CFCF82E5A563C007EBCE0 /* Products */,
			);
			sourceTree = "<group>";
		};
		609CFCF82E5A563C007EBCE0 /* Products */ = {
			isa = PBXGroup;
			children = (
				609CFCF72E5A563C007EBCE0 /* message-credit.app */,
				609CFD042E5A563F007EBCE0 /* message-creditTests.xctest */,
				609CFD0E2E5A563F007EBCE0 /* message-creditUITests.xctest */,
			);
			name = Products;
			sourceTree = "<group>";
		};
/* End PBXGroup section */

/* Begin PBXNativeTarget section */
		609CFCF62E5A563C007EBCE0 /* message-credit */ = {
			isa = PBXNativeTarget;
			buildConfigurationList = 609CFD182E5A563F007EBCE0 /* Build configuration list for PBXNativeTarget "message-credit" */;
			buildPhases = (
				609CFCF32E5A563C007EBCE0 /* Sources */,
				609CFCF42E5A563C007EBCE0 /* Frameworks */,
				609CFCF52E5A563C007EBCE0 /* Resources */,
			);
			buildRules = (
			);
			dependencies = (
			);
			fileSystemSynchronizedGroups = (
				609CFCF92E5A563C007EBCE0 /* message-credit */,
			);
			name = "message-credit";
			packageProductDependencies = (
			);
			productName = "message-credit";
			productReference = 609CFCF72E5A563C007EBCE0 /* message-credit.app */;
			productType = "com.apple.product-type.application";
		};
		609CFD032E5A563F007EBCE0 /* message-creditTests */ = {
			isa = PBXNativeTarget;
			buildConfigurationList = 609CFD1B2E5A563F007EBCE0 /* Build configuration list for PBXNativeTarget "message-creditTests" */;
			buildPhases = (
				609CFD002E5A563F007EBCE0 /* Sources */,
				609CFD012E5A563F007EBCE0 /* Frameworks */,
				609CFD022E5A563F007EBCE0 /* Resources */,
			);
			buildRules = (
			);
			dependencies = (
				609CFD062E5A563F007EBCE0 /* PBXTargetDependency */,
			);
			fileSystemSynchronizedGroups = (
				609CFD072E5A563F007EBCE0 /* message-creditTests */,
			);
			name = "message-creditTests";
			packageProductDependencies = (
			);
			productName = "message-creditTests";
			productReference = 609CFD042E5A563F007EBCE0 /* message-creditTests.xctest */;
			productType = "com.apple.product-type.bundle.unit-test";
		};
		609CFD0D2E5A563F007EBCE0 /* message-creditUITests */ = {
			isa = PBXNativeTarget;
			buildConfigurationList = 609CFD1E2E5A563F007EBCE0 /* Build configuration list for PBXNativeTarget "message-creditUITests" */;
			buildPhases = (
				609CFD0A2E5A563F007EBCE0 /* Sources */,
				609CFD0B2E5A563F007EBCE0 /* Frameworks */,
				609CFD0C2E5A563F007EBCE0 /* Resources */,
			);
			buildRules = (
			);
			dependencies = (
				609CFD102E5A563F007EBCE0 /* PBXTargetDependency */,
			);
			fileSystemSynchronizedGroups = (
				609CFD112E5A563F007EBCE0 /* message-creditUITests */,
			);
			name = "message-creditUITests";
			packageProductDependencies = (
			);
			productName = "message-creditUITests";
			productReference = 609CFD0E2E5A563F007EBCE0 /* message-creditUITests.xctest */;
			productType = "com.apple.product-type.bundle.ui-testing";
		};
/* End PBXNativeTarget section */

/* Begin PBXProject section */
		609CFCEF2E5A563C007EBCE0 /* Project object */ = {
			isa = PBXProject;
			attributes = {
				BuildIndependentTargetsInParallel = 1;
				LastSwiftUpdateCheck = 1640;
				LastUpgradeCheck = 1640;
				TargetAttributes = {
					609CFCF62E5A563C007EBCE0 = {
						CreatedOnToolsVersion = 16.4;
					};
					609CFD032E5A563F007EBCE0 = {
						CreatedOnToolsVersion = 16.4;
						TestTargetID = 609CFCF62E5A563C007EBCE0;
					};
					609CFD0D2E5A563F007EBCE0 = {
						CreatedOnToolsVersion = 16.4;
						TestTargetID = 609CFCF62E5A563C007EBCE0;
					};
				};
			};
			buildConfigurationList = 609CFCF22E5A563C007EBCE0 /* Build configuration list for PBXProject "message-credit" */;
			developmentRegion = en;
			hasScannedForEncodings = 0;
			knownRegions = (
				en,
				Base,
			);
			mainGroup = 609CFCEE2E5A563C007EBCE0;
			minimizedProjectReferenceProxies = 1;
			preferredProjectObjectVersion = 77;
			productRefGroup = 609CFCF82E5A563C007EBCE0 /* Products */;
			projectDirPath = "";
			projectRoot = "";
			targets = (
				609CFCF62E5A563C007EBCE0 /* message-credit */,
				609CFD032E5A563F007EBCE0 /* message-creditTests */,
				609CFD0D2E5A563F007EBCE0 /* message-creditUITests */,
			);
		};
/* End PBXProject section */

/* Begin PBXResourcesBuildPhase section */
		609CFCF52E5A563C007EBCE0 /* Resources */ = {
			isa = PBXResourcesBuildPhase;
			buildActionMask = 2147483647;
			files = (
			);
			runOnlyForDeploymentPostprocessing = 0;
		};
		609CFD022E5A563F007EBCE0 /* Resources */ = {
			isa = PBXResourcesBuildPhase;
			buildActionMask = 2147483647;
			files = (
			);
			runOnlyForDeploymentPostprocessing = 0;
		};
		609CFD0C2E5A563F007EBCE0 /* Resources */ = {
			isa = PBXResourcesBuildPhase;
			buildActionMask = 2147483647;
			files = (
			);
			runOnlyForDeploymentPostprocessing = 0;
		};
/* End PBXResourcesBuildPhase section */

/* Begin PBXSourcesBuildPhase section */
		609CFCF32E5A563C007EBCE0 /* Sources */ = {
			isa = PBXSourcesBuildPhase;
			buildActionMask = 2147483647;
			files = (
			);
			runOnlyForDeploymentPostprocessing = 0;
		};
		609CFD002E5A563F007EBCE0 /* Sources */ = {
			isa = PBXSourcesBuildPhase;
			buildActionMask = 2147483647;
			files = (
			);
			runOnlyForDeploymentPostprocessing = 0;
		};
		609CFD0A2E5A563F007EBCE0 /* Sources */ = {
			isa = PBXSourcesBuildPhase;
			buildActionMask = 2147483647;
			files = (
			);
			runOnlyForDeploymentPostprocessing = 0;
		};
/* End PBXSourcesBuildPhase section */

/* Begin PBXTargetDependency section */
		609CFD062E5A563F007EBCE0 /* PBXTargetDependency */ = {
			isa = PBXTargetDependency;
			target = 609CFCF62E5A563C007EBCE0 /* message-credit */;
			targetProxy = 609CFD052E5A563F007EBCE0 /* PBXContainerItemProxy */;
		};
		609CFD102E5A563F007EBCE0 /* PBXTargetDependency */ = {
			isa = PBXTargetDependency;
			target = 609CFCF62E5A563C007EBCE0 /* message-credit */;
			targetProxy = 609CFD0F2E5A563F007EBCE0 /* PBXContainerItemProxy */;
		};
/* End PBXTargetDependency section */

/* Begin XCBuildConfiguration section */
		609CFD162E5A563F007EBCE0 /* Debug */ = {
			isa = XCBuildConfiguration;
			buildSettings = {
				ALWAYS_SEARCH_USER_PATHS = NO;
				ASSETCATALOG_COMPILER_GENERATE_SWIFT_ASSET_SYMBOL_EXTENSIONS = YES;
				CLANG_ANALYZER_NONNULL = YES;
				CLANG_ANALYZER_NUMBER_OBJECT_CONVERSION = YES_AGGRESSIVE;
				CLANG_CXX_LANGUAGE_STANDARD = "gnu++20";
				CLANG_ENABLE_MODULES = YES;
				CLANG_ENABLE_OBJC_ARC = YES;
				CLANG_ENABLE_OBJC_WEAK = YES;
				CLANG_WARN_BLOCK_CAPTURE_AUTORELEASING = YES;
				CLANG_WARN_BOOL_CONVERSION = YES;
				CLANG_WARN_COMMA = YES;
				CLANG_WARN_CONSTANT_CONVERSION = YES;
				CLANG_WARN_DEPRECATED_OBJC_IMPLEMENTATIONS = YES;
				CLANG_WARN_DIRECT_OBJC_ISA_USAGE = YES_ERROR;
				CLANG_WARN_DOCUMENTATION_COMMENTS = YES;
				CLANG_WARN_EMPTY_BODY = YES;
				CLANG_WARN_ENUM_CONVERSION = YES;
				CLANG_WARN_INFINITE_RECURSION = YES;
				CLANG_WARN_INT_CONVERSION = YES;
				CLANG_WARN_NON_LITERAL_NULL_CONVERSION = YES;
				CLANG_WARN_OBJC_IMPLICIT_RETAIN_SELF = YES;
				CLANG_WARN_OBJC_LITERAL_CONVERSION = YES;
				CLANG_WARN_OBJC_ROOT_CLASS = YES_ERROR;
				CLANG_WARN_QUOTED_INCLUDE_IN_FRAMEWORK_HEADER = YES;
				CLANG_WARN_RANGE_LOOP_ANALYSIS = YES;
				CLANG_WARN_STRICT_PROTOTYPES = YES;
				CLANG_WARN_SUSPICIOUS_MOVE = YES;
				CLANG_WARN_UNGUARDED_AVAILABILITY = YES_AGGRESSIVE;
				CLANG_WARN_UNREACHABLE_CODE = YES;
				CLANG_WARN__DUPLICATE_METHOD_MATCH = YES;
				COPY_PHASE_STRIP = NO;
				DEBUG_INFORMATION_FORMAT = dwarf;
				DEVELOPMENT_TEAM = KC4AYX8HXS;
				ENABLE_STRICT_OBJC_MSGSEND = YES;
				ENABLE_TESTABILITY = YES;
				ENABLE_USER_SCRIPT_SANDBOXING = YES;
				GCC_C_LANGUAGE_STANDARD = gnu17;
				GCC_DYNAMIC_NO_PIC = NO;
				GCC_NO_COMMON_BLOCKS = YES;
				GCC_OPTIMIZATION_LEVEL = 0;
				GCC_PREPROCESSOR_DEFINITIONS = (
					"DEBUG=1",
					"$(inherited)",
				);
				GCC_WARN_64_TO_32_BIT_CONVERSION = YES;
				GCC_WARN_ABOUT_RETURN_TYPE = YES_ERROR;
				GCC_WARN_UNDECLARED_SELECTOR = YES;
				GCC_WARN_UNINITIALIZED_AUTOS = YES_AGGRESSIVE;
				GCC_WARN_UNUSED_FUNCTION = YES;
				GCC_WARN_UNUSED_VARIABLE = YES;
				IPHONEOS_DEPLOYMENT_TARGET = 18.5;
				LOCALIZATION_PREFERS_STRING_CATALOGS = YES;
				MTL_ENABLE_DEBUG_INFO = INCLUDE_SOURCE;
				MTL_FAST_MATH = YES;
				ONLY_ACTIVE_ARCH = YES;
				SDKROOT = iphoneos;
				SWIFT_ACTIVE_COMPILATION_CONDITIONS = "DEBUG $(inherited)";
				SWIFT_OPTIMIZATION_LEVEL = "-Onone";
			};
			name = Debug;
		};
		609CFD172E5A563F007EBCE0 /* Release */ = {
			isa = XCBuildConfiguration;
			buildSettings = {
				ALWAYS_SEARCH_USER_PATHS = NO;
				ASSETCATALOG_COMPILER_GENERATE_SWIFT_ASSET_SYMBOL_EXTENSIONS = YES;
				CLANG_ANALYZER_NONNULL = YES;
				CLANG_ANALYZER_NUMBER_OBJECT_CONVERSION = YES_AGGRESSIVE;
				CLANG_CXX_LANGUAGE_STANDARD = "gnu++20";
				CLANG_ENABLE_MODULES = YES;
				CLANG_ENABLE_OBJC_ARC = YES;
				CLANG_ENABLE_OBJC_WEAK = YES;
				CLANG_WARN_BLOCK_CAPTURE_AUTORELEASING = YES;
				CLANG_WARN_BOOL_CONVERSION = YES;
				CLANG_WARN_COMMA = YES;
				CLANG_WARN_CONSTANT_CONVERSION = YES;
				CLANG_WARN_DEPRECATED_OBJC_IMPLEMENTATIONS = YES;
				CLANG_WARN_DIRECT_OBJC_ISA_USAGE = YES_ERROR;
				CLANG_WARN_DOCUMENTATION_COMMENTS = YES;
				CLANG_WARN_EMPTY_BODY = YES;
				CLANG_WARN_ENUM_CONVERSION = YES;
				CLANG_WARN_INFINITE_RECURSION = YES;
				CLANG_WARN_INT_CONVERSION = YES;
				CLANG_WARN_NON_LITERAL_NULL_CONVERSION = YES;
				CLANG_WARN_OBJC_IMPLICIT_RETAIN_SELF = YES;
				CLANG_WARN_OBJC_LITERAL_CONVERSION = YES;
				CLANG_WARN_OBJC_ROOT_CLASS = YES_ERROR;
				CLANG_WARN_QUOTED_INCLUDE_IN_FRAMEWORK_HEADER = YES;
				CLANG_WARN_RANGE_LOOP_ANALYSIS = YES;
				CLANG_WARN_STRICT_PROTOTYPES = YES;
				CLANG_WARN_SUSPICIOUS_MOVE = YES;
				CLANG_WARN_UNGUARDED_AVAILABILITY = YES_AGGRESSIVE;
				CLANG_WARN_UNREACHABLE_CODE = YES;
				CLANG_WARN__DUPLICATE_METHOD_MATCH = YES;
				COPY_PHASE_STRIP = NO;
				DEBUG_INFORMATION_FORMAT = "dwarf-with-dsym";
				DEVELOPMENT_TEAM = KC4AYX8HXS;
				ENABLE_NS_ASSERTIONS = NO;
				ENABLE_STRICT_OBJC_MSGSEND = YES;
				ENABLE_USER_SCRIPT_SANDBOXING = YES;
				GCC_C_LANGUAGE_STANDARD = gnu17;
				GCC_NO_COMMON_BLOCKS = YES;
				GCC_WARN_64_TO_32_BIT_CONVERSION = YES;
				GCC_WARN_ABOUT_RETURN_TYPE = YES_ERROR;
				GCC_WARN_UNDECLARED_SELECTOR = YES;
				GCC_WARN_UNINITIALIZED_AUTOS = YES_AGGRESSIVE;
				GCC_WARN_UNUSED_FUNCTION = YES;
				GCC_WARN_UNUSED_VARIABLE = YES;
				IPHONEOS_DEPLOYMENT_TARGET = 18.5;
				LOCALIZATION_PREFERS_STRING_CATALOGS = YES;
				MTL_ENABLE_DEBUG_INFO = NO;
				MTL_FAST_MATH = YES;
				SDKROOT = iphoneos;
				SWIFT_COMPILATION_MODE = wholemodule;
				VALIDATE_PRODUCT = YES;
			};
			name = Release;
		};
		609CFD192E5A563F007EBCE0 /* Debug */ = {
			isa = XCBuildConfiguration;
			buildSettings = {
				ASSETCATALOG_COMPILER_APPICON_NAME = AppIcon;
				ASSETCATALOG_COMPILER_GLOBAL_ACCENT_COLOR_NAME = AccentColor;
				CODE_SIGN_STYLE = Automatic;
				CURRENT_PROJECT_VERSION = 1;
				DEVELOPMENT_TEAM = KC4AYX8HXS;
				ENABLE_PREVIEWS = YES;
				GENERATE_INFOPLIST_FILE = YES;
				INFOPLIST_KEY_UIApplicationSceneManifest_Generation = YES;
				INFOPLIST_KEY_UIApplicationSupportsIndirectInputEvents = YES;
				INFOPLIST_KEY_UILaunchScreen_Generation = YES;
				INFOPLIST_KEY_UISupportedInterfaceOrientations_iPad = "UIInterfaceOrientationPortrait UIInterfaceOrientationPortraitUpsideDown UIInterfaceOrientationLandscapeLeft UIInterfaceOrientationLandscapeRight";
				INFOPLIST_KEY_UISupportedInterfaceOrientations_iPhone = "UIInterfaceOrientationPortrait UIInterfaceOrientationLandscapeLeft UIInterfaceOrientationLandscapeRight";
				LD_RUNPATH_SEARCH_PATHS = (
					"$(inherited)",
					"@executable_path/Frameworks",
				);
				MARKETING_VERSION = 1.0;
				PRODUCT_BUNDLE_IDENTIFIER = "com.cobe.message-credit";
				PRODUCT_NAME = "$(TARGET_NAME)";
				SWIFT_EMIT_LOC_STRINGS = YES;
				SWIFT_VERSION = 5.0;
				TARGETED_DEVICE_FAMILY = "1,2";
			};
			name = Debug;
		};
		609CFD1A2E5A563F007EBCE0 /* Release */ = {
			isa = XCBuildConfiguration;
			buildSettings = {
				ASSETCATALOG_COMPILER_APPICON_NAME = AppIcon;
				ASSETCATALOG_COMPILER_GLOBAL_ACCENT_COLOR_NAME = AccentColor;
				CODE_SIGN_STYLE = Automatic;
				CURRENT_PROJECT_VERSION = 1;
				DEVELOPMENT_TEAM = KC4AYX8HXS;
				ENABLE_PREVIEWS = YES;
				GENERATE_INFOPLIST_FILE = YES;
				INFOPLIST_KEY_UIApplicationSceneManifest_Generation = YES;
				INFOPLIST_KEY_UIApplicationSupportsIndirectInputEvents = YES;
				INFOPLIST_KEY_UILaunchScreen_Generation = YES;
				INFOPLIST_KEY_UISupportedInterfaceOrientations_iPad = "UIInterfaceOrientationPortrait UIInterfaceOrientationPortraitUpsideDown UIInterfaceOrientationLandscapeLeft UIInterfaceOrientationLandscapeRight";
				INFOPLIST_KEY_UISupportedInterfaceOrientations_iPhone = "UIInterfaceOrientationPortrait UIInterfaceOrientationLandscapeLeft UIInterfaceOrientationLandscapeRight";
				LD_RUNPATH_SEARCH_PATHS = (
					"$(inherited)",
					"@executable_path/Frameworks",
				);
				MARKETING_VERSION = 1.0;
				PRODUCT_BUNDLE_IDENTIFIER = "com.cobe.message-credit";
				PRODUCT_NAME = "$(TARGET_NAME)";
				SWIFT_EMIT_LOC_STRINGS = YES;
				SWIFT_VERSION = 5.0;
				TARGETED_DEVICE_FAMILY = "1,2";
			};
			name = Release;
		};
		609CFD1C2E5A563F007EBCE0 /* Debug */ = {
			isa = XCBuildConfiguration;
			buildSettings = {
				BUNDLE_LOADER = "$(TEST_HOST)";
				CODE_SIGN_STYLE = Automatic;
				CURRENT_PROJECT_VERSION = 1;
				DEVELOPMENT_TEAM = KC4AYX8HXS;
				GENERATE_INFOPLIST_FILE = YES;
				IPHONEOS_DEPLOYMENT_TARGET = 18.5;
				MARKETING_VERSION = 1.0;
				PRODUCT_BUNDLE_IDENTIFIER = "com.cobe.message-creditTests";
				PRODUCT_NAME = "$(TARGET_NAME)";
				SWIFT_EMIT_LOC_STRINGS = NO;
				SWIFT_VERSION = 5.0;
				TARGETED_DEVICE_FAMILY = "1,2";
				TEST_HOST = "$(BUILT_PRODUCTS_DIR)/message-credit.app/$(BUNDLE_EXECUTABLE_FOLDER_PATH)/message-credit";
			};
			name = Debug;
		};
		609CFD1D2E5A563F007EBCE0 /* Release */ = {
			isa = XCBuildConfiguration;
			buildSettings = {
				BUNDLE_LOADER = "$(TEST_HOST)";
				CODE_SIGN_STYLE = Automatic;
				CURRENT_PROJECT_VERSION = 1;
				DEVELOPMENT_TEAM = KC4AYX8HXS;
				GENERATE_INFOPLIST_FILE = YES;
				IPHONEOS_DEPLOYMENT_TARGET = 18.5;
				MARKETING_VERSION = 1.0;
				PRODUCT_BUNDLE_IDENTIFIER = "com.cobe.message-creditTests";
				PRODUCT_NAME = "$(TARGET_NAME)";
				SWIFT_EMIT_LOC_STRINGS = NO;
				SWIFT_VERSION = 5.0;
				TARGETED_DEVICE_FAMILY = "1,2";
				TEST_HOST = "$(BUILT_PRODUCTS_DIR)/message-credit.app/$(BUNDLE_EXECUTABLE_FOLDER_PATH)/message-credit";
			};
			name = Release;
		};
		609CFD1F2E5A563F007EBCE0 /* Debug */ = {
			isa = XCBuildConfiguration;
			buildSettings = {
				CODE_SIGN_STYLE = Automatic;
				CURRENT_PROJECT_VERSION = 1;
				DEVELOPMENT_TEAM = KC4AYX8HXS;
				GENERATE_INFOPLIST_FILE = YES;
				MARKETING_VERSION = 1.0;
				PRODUCT_BUNDLE_IDENTIFIER = "com.cobe.message-creditUITests";
				PRODUCT_NAME = "$(TARGET_NAME)";
				SWIFT_EMIT_LOC_STRINGS = NO;
				SWIFT_VERSION = 5.0;
				TARGETED_DEVICE_FAMILY = "1,2";
				TEST_TARGET_NAME = "message-credit";
			};
			name = Debug;
		};
		609CFD202E5A563F007EBCE0 /* Release */ = {
			isa = XCBuildConfiguration;
			buildSettings = {
				CODE_SIGN_STYLE = Automatic;
				CURRENT_PROJECT_VERSION = 1;
				DEVELOPMENT_TEAM = KC4AYX8HXS;
				GENERATE_INFOPLIST_FILE = YES;
				MARKETING_VERSION = 1.0;
				PRODUCT_BUNDLE_IDENTIFIER = "com.cobe.message-creditUITests";
				PRODUCT_NAME = "$(TARGET_NAME)";
				SWIFT_EMIT_LOC_STRINGS = NO;
				SWIFT_VERSION = 5.0;
				TARGETED_DEVICE_FAMILY = "1,2";
				TEST_TARGET_NAME = "message-credit";
			};
			name = Release;
		};
/* End XCBuildConfiguration section */

/* Begin XCConfigurationList section */
		609CFCF22E5A563C007EBCE0 /* Build configuration list for PBXProject "message-credit" */ = {
			isa = XCConfigurationList;
			buildConfigurations = (
				609CFD162E5A563F007EBCE0 /* Debug */,
				609CFD172E5A563F007EBCE0 /* Release */,
			);
			defaultConfigurationIsVisible = 0;
			defaultConfigurationName = Release;
		};
		609CFD182E5A563F007EBCE0 /* Build configuration list for PBXNativeTarget "message-credit" */ = {
			isa = XCConfigurationList;
			buildConfigurations = (
				609CFD192E5A563F007EBCE0 /* Debug */,
				609CFD1A2E5A563F007EBCE0 /* Release */,
			);
			defaultConfigurationIsVisible = 0;
			defaultConfigurationName = Release;
		};
		609CFD1B2E5A563F007EBCE0 /* Build configuration list for PBXNativeTarget "message-creditTests" */ = {
			isa = XCConfigurationList;
			buildConfigurations = (
				609CFD1C2E5A563F007EBCE0 /* Debug */,
				609CFD1D2E5A563F007EBCE0 /* Release */,
			);
			defaultConfigurationIsVisible = 0;
			defaultConfigurationName = Release;
		};
		609CFD1E2E5A563F007EBCE0 /* Build configuration list for PBXNativeTarget "message-creditUITests" */ = {
			isa = XCConfigurationList;
			buildConfigurations = (
				609CFD1F2E5A563F007EBCE0 /* Debug */,
				609CFD202E5A563F007EBCE0 /* Release */,
			);
			defaultConfigurationIsVisible = 0;
			defaultConfigurationName = Release;
		};
/* End XCConfigurationList section */
	};
	rootObject = 609CFCEF2E5A563C007EBCE0 /* Project object */;
}
